
Microsoft Visual Studio Solution File, Format Version 12.00
# Visual Studio 14
VisualStudioVersion = 14.0.25420.1
MinimumVisualStudioVersion = 10.0.40219.1
Project("{FAE04EC0-301F-11D3-BF4B-00C04F79EFBC}") = "iasset.web", "iasset.web\iasset.web.csproj", "{2CE81158-2207-4404-9300-40CAD6AA3A5E}"
EndProject
Project("{FAE04EC0-301F-11D3-BF4B-00C04F79EFBC}") = "iasset.core", "iasset.core\iasset.core.csproj", "{95D4D490-126B-4E1A-AC5D-1F75E06946A3}"
EndProject
Project("{FAE04EC0-301F-11D3-BF4B-00C04F79EFBC}") = "iasset.tests", "iasset.tests\iasset.tests.csproj", "{0E774035-DE3D-43F0-9456-6584C0972710}"
EndProject
Global
	GlobalSection(SolutionConfigurationPlatforms) = preSolution
		Debug|Any CPU = Debug|Any CPU
		Release|Any CPU = Release|Any CPU
	EndGlobalSection
	GlobalSection(ProjectConfigurationPlatforms) = postSolution
		{2CE81158-2207-4404-9300-40CAD6AA3A5E}.Debug|Any CPU.ActiveCfg = Debug|Any CPU
		{2CE81158-2207-4404-9300-40CAD6AA3A5E}.Debug|Any CPU.Build.0 = Debug|Any CPU
		{2CE81158-2207-4404-9300-40CAD6AA3A5E}.Release|Any CPU.ActiveCfg = Release|Any CPU
		{2CE81158-2207-4404-9300-40CAD6AA3A5E}.Release|Any CPU.Build.0 = Release|Any CPU
		{95D4D490-126B-4E1A-AC5D-1F75E06946A3}.Debug|Any CPU.ActiveCfg = Debug|Any CPU
		{95D4D490-126B-4E1A-AC5D-1F75E06946A3}.Debug|Any CPU.Build.0 = Debug|Any CPU
		{95D4D490-126B-4E1A-AC5D-1F75E06946A3}.Release|Any CPU.ActiveCfg = Release|Any CPU
		{95D4D490-126B-4E1A-AC5D-1F75E06946A3}.Release|Any CPU.Build.0 = Release|Any CPU
		{0E774035-DE3D-43F0-9456-6584C0972710}.Debug|Any CPU.ActiveCfg = Debug|Any CPU
		{0E774035-DE3D-43F0-9456-6584C0972710}.Debug|Any CPU.Build.0 = Debug|Any CPU
		{0E774035-DE3D-43F0-9456-6584C0972710}.Release|Any CPU.ActiveCfg = Release|Any CPU
		{0E774035-DE3D-43F0-9456-6584C0972710}.Release|Any CPU.Build.0 = Release|Any CPU
	EndGlobalSection
	GlobalSection(SolutionProperties) = preSolution
		HideSolutionNode = FALSE
	EndGlobalSection
EndGlobal
